
Microsoft Visual Studio Solution File, Format Version 12.00
# Visual Studio Version 16
VisualStudioVersion = 16.0.29806.167
MinimumVisualStudioVersion = 10.0.40219.1
Project("{FAE04EC0-301F-11D3-BF4B-00C04F79EFBC}") = "Cosmos-db-api", "Cosmos-db-api\Cosmos-db-api.csproj", "{247B873B-45C2-4BE2-9351-52EFF03E1B82}"
EndProject
Project("{FAE04EC0-301F-11D3-BF4B-00C04F79EFBC}") = "Cosmos-db-api-integrationtests", "Cosmos-db-api-integrationtests\Cosmos-db-api-integrationtests.csproj", "{0759FDD8-D8A5-4544-AC86-F20020321E66}"
EndProject
Global
	GlobalSection(SolutionConfigurationPlatforms) = preSolution
		Debug|Any CPU = Debug|Any CPU
		Release|Any CPU = Release|Any CPU
	EndGlobalSection
	GlobalSection(ProjectConfigurationPlatforms) = postSolution
		{247B873B-45C2-4BE2-9351-52EFF03E1B82}.Debug|Any CPU.ActiveCfg = Debug|Any CPU
		{247B873B-45C2-4BE2-9351-52EFF03E1B82}.Debug|Any CPU.Build.0 = Debug|Any CPU
		{247B873B-45C2-4BE2-9351-52EFF03E1B82}.Release|Any CPU.ActiveCfg = Release|Any CPU
		{247B873B-45C2-4BE2-9351-52EFF03E1B82}.Release|Any CPU.Build.0 = Release|Any CPU
		{0759FDD8-D8A5-4544-AC86-F20020321E66}.Debug|Any CPU.ActiveCfg = Debug|Any CPU
		{0759FDD8-D8A5-4544-AC86-F20020321E66}.Debug|Any CPU.Build.0 = Debug|Any CPU
		{0759FDD8-D8A5-4544-AC86-F20020321E66}.Release|Any CPU.ActiveCfg = Release|Any CPU
		{0759FDD8-D8A5-4544-AC86-F20020321E66}.Release|Any CPU.Build.0 = Release|Any CPU
	EndGlobalSection
	GlobalSection(SolutionProperties) = preSolution
		HideSolutionNode = FALSE
	EndGlobalSection
	GlobalSection(ExtensibilityGlobals) = postSolution
		SolutionGuid = {F2A0DD9D-7FB2-4813-B996-08115BC97189}
	EndGlobalSection
EndGlobal
